// !$*UTF8*$!
{
	archiveVersion = 1;
	classes = {
	};
	objectVersion = 50;
	objects = {

/* Begin PBXBuildFile section */
		3FBF738E214061F300E39FB4 /* AppDelegate.swift in Sources */ = {isa = PBXBuildFile; fileRef = 3FBF738D214061F300E39FB4 /* AppDelegate.swift */; };
		3FBF7390214061F300E39FB4 /* StartViewController.swift in Sources */ = {isa = PBXBuildFile; fileRef = 3FBF738F214061F300E39FB4 /* StartViewController.swift */; };
		3FBF7393214061F300E39FB4 /* Main.storyboard in Resources */ = {isa = PBXBuildFile; fileRef = 3FBF7391214061F300E39FB4 /* Main.storyboard */; };
		3FBF7395214061F400E39FB4 /* Assets.xcassets in Resources */ = {isa = PBXBuildFile; fileRef = 3FBF7394214061F400E39FB4 /* Assets.xcassets */; };
		3FBF7398214061F400E39FB4 /* LaunchScreen.storyboard in Resources */ = {isa = PBXBuildFile; fileRef = 3FBF7396214061F400E39FB4 /* LaunchScreen.storyboard */; };
		3FBF73A3214061F400E39FB4 /* Week3Tests.swift in Sources */ = {isa = PBXBuildFile; fileRef = 3FBF73A2214061F400E39FB4 /* Week3Tests.swift */; };
		3FBF73AE214061F400E39FB4 /* Week3UITests.swift in Sources */ = {isa = PBXBuildFile; fileRef = 3FBF73AD214061F400E39FB4 /* Week3UITests.swift */; };
/* End PBXBuildFile section */

/* Begin PBXContainerItemProxy section */
		3FBF739F214061F400E39FB4 /* PBXContainerItemProxy */ = {
			isa = PBXContainerItemProxy;
			containerPortal = 3FBF7382214061F300E39FB4 /* Project object */;
			proxyType = 1;
			remoteGlobalIDString = 3FBF7389214061F300E39FB4;
			remoteInfo = Week3;
		};
		3FBF73AA214061F400E39FB4 /* PBXContainerItemProxy */ = {
			isa = PBXContainerItemProxy;
			containerPortal = 3FBF7382214061F300E39FB4 /* Project object */;
			proxyType = 1;
			remoteGlobalIDString = 3FBF7389214061F300E39FB4;
			remoteInfo = Week3;
		};
/* End PBXContainerItemProxy section */

/* Begin PBXFileReference section */
		3FBF738A214061F300E39FB4 /* Week3.app */ = {isa = PBXFileReference; explicitFileType = wrapper.application; includeInIndex = 0; path = Week3.app; sourceTree = BUILT_PRODUCTS_DIR; };
		3FBF738D214061F300E39FB4 /* AppDelegate.swift */ = {isa = PBXFileReference; lastKnownFileType = sourcecode.swift; path = AppDelegate.swift; sourceTree = "<group>"; };
		3FBF738F214061F300E39FB4 /* StartViewController.swift */ = {isa = PBXFileReference; lastKnownFileType = sourcecode.swift; path = StartViewController.swift; sourceTree = "<group>"; };
		3FBF7392214061F300E39FB4 /* Base */ = {isa = PBXFileReference; lastKnownFileType = file.storyboard; name = Base; path = Base.lproj/Main.storyboard; sourceTree = "<group>"; };
		3FBF7394214061F400E39FB4 /* Assets.xcassets */ = {isa = PBXFileReference; lastKnownFileType = folder.assetcatalog; path = Assets.xcassets; sourceTree = "<group>"; };
		3FBF7397214061F400E39FB4 /* Base */ = {isa = PBXFileReference; lastKnownFileType = file.storyboard; name = Base; path = Base.lproj/LaunchScreen.storyboard; sourceTree = "<group>"; };
		3FBF7399214061F400E39FB4 /* Info.plist */ = {isa = PBXFileReference; lastKnownFileType = text.plist.xml; path = Info.plist; sourceTree = "<group>"; };
		3FBF739E214061F400E39FB4 /* Week3Tests.xctest */ = {isa = PBXFileReference; explicitFileType = wrapper.cfbundle; includeInIndex = 0; path = Week3Tests.xctest; sourceTree = BUILT_PRODUCTS_DIR; };
		3FBF73A2214061F400E39FB4 /* Week3Tests.swift */ = {isa = PBXFileReference; lastKnownFileType = sourcecode.swift; path = Week3Tests.swift; sourceTree = "<group>"; };
		3FBF73A4214061F400E39FB4 /* Info.plist */ = {isa = PBXFileReference; lastKnownFileType = text.plist.xml; path = Info.plist; sourceTree = "<group>"; };
		3FBF73A9214061F400E39FB4 /* Week3UITests.xctest */ = {isa = PBXFileReference; explicitFileType = wrapper.cfbundle; includeInIndex = 0; path = Week3UITests.xctest; sourceTree = BUILT_PRODUCTS_DIR; };
		3FBF73AD214061F400E39FB4 /* Week3UITests.swift */ = {isa = PBXFileReference; lastKnownFileType = sourcecode.swift; path = Week3UITests.swift; sourceTree = "<group>"; };
		3FBF73AF214061F400E39FB4 /* Info.plist */ = {isa = PBXFileReference; lastKnownFileType = text.plist.xml; path = Info.plist; sourceTree = "<group>"; };
/* End PBXFileReference section */

/* Begin PBXFrameworksBuildPhase section */
		3FBF7387214061F300E39FB4 /* Frameworks */ = {
			isa = PBXFrameworksBuildPhase;
			buildActionMask = 2147483647;
			files = (
			);
			runOnlyForDeploymentPostprocessing = 0;
		};
		3FBF739B214061F400E39FB4 /* Frameworks */ = {
			isa = PBXFrameworksBuildPhase;
			buildActionMask = 2147483647;
			files = (
			);
			runOnlyForDeploymentPostprocessing = 0;
		};
		3FBF73A6214061F400E39FB4 /* Frameworks */ = {
			isa = PBXFrameworksBuildPhase;
			buildActionMask = 2147483647;
			files = (
			);
			runOnlyForDeploymentPostprocessing = 0;
		};
/* End PBXFrameworksBuildPhase section */

/* Begin PBXGroup section */
		3FBF7381214061F300E39FB4 = {
			isa = PBXGroup;
			children = (
				3FBF738C214061F300E39FB4 /* Week3 */,
				3FBF73A1214061F400E39FB4 /* Week3Tests */,
				3FBF73AC214061F400E39FB4 /* Week3UITests */,
				3FBF738B214061F300E39FB4 /* Products */,
			);
			sourceTree = "<group>";
		};
		3FBF738B214061F300E39FB4 /* Products */ = {
			isa = PBXGroup;
			children = (
				3FBF738A214061F300E39FB4 /* Week3.app */,
				3FBF739E214061F400E39FB4 /* Week3Tests.xctest */,
				3FBF73A9214061F400E39FB4 /* Week3UITests.xctest */,
			);
			name = Products;
			sourceTree = "<group>";
		};
		3FBF738C214061F300E39FB4 /* Week3 */ = {
			isa = PBXGroup;
			children = (
				3FBF738D214061F300E39FB4 /* AppDelegate.swift */,
				3FBF738F214061F300E39FB4 /* StartViewController.swift */,
				3FBF7391214061F300E39FB4 /* Main.storyboard */,
				3FBF7394214061F400E39FB4 /* Assets.xcassets */,
				3FBF7396214061F400E39FB4 /* LaunchScreen.storyboard */,
				3FBF7399214061F400E39FB4 /* Info.plist */,
			);
			path = Week3;
			sourceTree = "<group>";
		};
		3FBF73A1214061F400E39FB4 /* Week3Tests */ = {
			isa = PBXGroup;
			children = (
				3FBF73A2214061F400E39FB4 /* Week3Tests.swift */,
				3FBF73A4214061F400E39FB4 /* Info.plist */,
			);
			path = Week3Tests;
			sourceTree = "<group>";
		};
		3FBF73AC214061F400E39FB4 /* Week3UITests */ = {
			isa = PBXGroup;
			children = (
				3FBF73AD214061F400E39FB4 /* Week3UITests.swift */,
				3FBF73AF214061F400E39FB4 /* Info.plist */,
			);
			path = Week3UITests;
			sourceTree = "<group>";
		};
/* End PBXGroup section */

/* Begin PBXNativeTarget section */
		3FBF7389214061F300E39FB4 /* Week3 */ = {
			isa = PBXNativeTarget;
			buildConfigurationList = 3FBF73B2214061F400E39FB4 /* Build configuration list for PBXNativeTarget "Week3" */;
			buildPhases = (
				3FBF7386214061F300E39FB4 /* Sources */,
				3FBF7387214061F300E39FB4 /* Frameworks */,
				3FBF7388214061F300E39FB4 /* Resources */,
			);
			buildRules = (
			);
			dependencies = (
			);
			name = Week3;
			productName = Week3;
			productReference = 3FBF738A214061F300E39FB4 /* Week3.app */;
			productType = "com.apple.product-type.application";
		};
		3FBF739D214061F400E39FB4 /* Week3Tests */ = {
			isa = PBXNativeTarget;
			buildConfigurationList = 3FBF73B5214061F400E39FB4 /* Build configuration list for PBXNativeTarget "Week3Tests" */;
			buildPhases = (
				3FBF739A214061F400E39FB4 /* Sources */,
				3FBF739B214061F400E39FB4 /* Frameworks */,
				3FBF739C214061F400E39FB4 /* Resources */,
			);
			buildRules = (
			);
			dependencies = (
				3FBF73A0214061F400E39FB4 /* PBXTargetDependency */,
			);
			name = Week3Tests;
			productName = Week3Tests;
			productReference = 3FBF739E214061F400E39FB4 /* Week3Tests.xctest */;
			productType = "com.apple.product-type.bundle.unit-test";
		};
		3FBF73A8214061F400E39FB4 /* Week3UITests */ = {
			isa = PBXNativeTarget;
			buildConfigurationList = 3FBF73B8214061F400E39FB4 /* Build configuration list for PBXNativeTarget "Week3UITests" */;
			buildPhases = (
				3FBF73A5214061F400E39FB4 /* Sources */,
				3FBF73A6214061F400E39FB4 /* Frameworks */,
				3FBF73A7214061F400E39FB4 /* Resources */,
			);
			buildRules = (
			);
			dependencies = (
				3FBF73AB214061F400E39FB4 /* PBXTargetDependency */,
			);
			name = Week3UITests;
			productName = Week3UITests;
			productReference = 3FBF73A9214061F400E39FB4 /* Week3UITests.xctest */;
			productType = "com.apple.product-type.bundle.ui-testing";
		};
/* End PBXNativeTarget section */

/* Begin PBXProject section */
		3FBF7382214061F300E39FB4 /* Project object */ = {
			isa = PBXProject;
			attributes = {
				LastSwiftUpdateCheck = 0940;
				LastUpgradeCheck = 0940;
				ORGANIZATIONNAME = yiuj;
				TargetAttributes = {
					3FBF7389214061F300E39FB4 = {
						CreatedOnToolsVersion = 9.4.1;
					};
					3FBF739D214061F400E39FB4 = {
						CreatedOnToolsVersion = 9.4.1;
						TestTargetID = 3FBF7389214061F300E39FB4;
					};
					3FBF73A8214061F400E39FB4 = {
						CreatedOnToolsVersion = 9.4.1;
						TestTargetID = 3FBF7389214061F300E39FB4;
					};
				};
			};
			buildConfigurationList = 3FBF7385214061F300E39FB4 /* Build configuration list for PBXProject "Week3" */;
			compatibilityVersion = "Xcode 9.3";
			developmentRegion = en;
			hasScannedForEncodings = 0;
			knownRegions = (
				en,
				Base,
			);
			mainGroup = 3FBF7381214061F300E39FB4;
			productRefGroup = 3FBF738B214061F300E39FB4 /* Products */;
			projectDirPath = "";
			projectRoot = "";
			targets = (
				3FBF7389214061F300E39FB4 /* Week3 */,
				3FBF739D214061F400E39FB4 /* Week3Tests */,
				3FBF73A8214061F400E39FB4 /* Week3UITests */,
			);
		};
/* End PBXProject section */

/* Begin PBXResourcesBuildPhase section */
		3FBF7388214061F300E39FB4 /* Resources */ = {
			isa = PBXResourcesBuildPhase;
			buildActionMask = 2147483647;
			files = (
				3FBF7398214061F400E39FB4 /* LaunchScreen.storyboard in Resources */,
				3FBF7395214061F400E39FB4 /* Assets.xcassets in Resources */,
				3FBF7393214061F300E39FB4 /* Main.storyboard in Resources */,
			);
			runOnlyForDeploymentPostprocessing = 0;
		};
		3FBF739C214061F400E39FB4 /* Resources */ = {
			isa = PBXResourcesBuildPhase;
			buildActionMask = 2147483647;
			files = (
			);
			runOnlyForDeploymentPostprocessing = 0;
		};
		3FBF73A7214061F400E39FB4 /* Resources */ = {
			isa = PBXResourcesBuildPhase;
			buildActionMask = 2147483647;
			files = (
			);
			runOnlyForDeploymentPostprocessing = 0;
		};
/* End PBXResourcesBuildPhase section */

/* Begin PBXSourcesBuildPhase section */
		3FBF7386214061F300E39FB4 /* Sources */ = {
			isa = PBXSourcesBuildPhase;
			buildActionMask = 2147483647;
			files = (
				3FBF7390214061F300E39FB4 /* StartViewController.swift in Sources */,
				3FBF738E214061F300E39FB4 /* AppDelegate.swift in Sources */,
			);
			runOnlyForDeploymentPostprocessing = 0;
		};
		3FBF739A214061F400E39FB4 /* Sources */ = {
			isa = PBXSourcesBuildPhase;
			buildActionMask = 2147483647;
			files = (
				3FBF73A3214061F400E39FB4 /* Week3Tests.swift in Sources */,
			);
			runOnlyForDeploymentPostprocessing = 0;
		};
		3FBF73A5214061F400E39FB4 /* Sources */ = {
			isa = PBXSourcesBuildPhase;
			buildActionMask = 2147483647;
			files = (
				3FBF73AE214061F400E39FB4 /* Week3UITests.swift in Sources */,
			);
			runOnlyForDeploymentPostprocessing = 0;
		};
/* End PBXSourcesBuildPhase section */

/* Begin PBXTargetDependency section */
		3FBF73A0214061F400E39FB4 /* PBXTargetDependency */ = {
			isa = PBXTargetDependency;
			target = 3FBF7389214061F300E39FB4 /* Week3 */;
			targetProxy = 3FBF739F214061F400E39FB4 /* PBXContainerItemProxy */;
		};
		3FBF73AB214061F400E39FB4 /* PBXTargetDependency */ = {
			isa = PBXTargetDependency;
			target = 3FBF7389214061F300E39FB4 /* Week3 */;
			targetProxy = 3FBF73AA214061F400E39FB4 /* PBXContainerItemProxy */;
		};
/* End PBXTargetDependency section */

/* Begin PBXVariantGroup section */
		3FBF7391214061F300E39FB4 /* Main.storyboard */ = {
			isa = PBXVariantGroup;
			children = (
				3FBF7392214061F300E39FB4 /* Base */,
			);
			name = Main.storyboard;
			sourceTree = "<group>";
		};
		3FBF7396214061F400E39FB4 /* LaunchScreen.storyboard */ = {
			isa = PBXVariantGroup;
			children = (
				3FBF7397214061F400E39FB4 /* Base */,
			);
			name = LaunchScreen.storyboard;
			sourceTree = "<group>";
		};
/* End PBXVariantGroup section */

/* Begin XCBuildConfiguration section */
		3FBF73B0214061F400E39FB4 /* Debug */ = {
			isa = XCBuildConfiguration;
			buildSettings = {
				ALWAYS_SEARCH_USER_PATHS = NO;
				CLANG_ANALYZER_NONNULL = YES;
				CLANG_ANALYZER_NUMBER_OBJECT_CONVERSION = YES_AGGRESSIVE;
				CLANG_CXX_LANGUAGE_STANDARD = "gnu++14";
				CLANG_CXX_LIBRARY = "libc++";
				CLANG_ENABLE_MODULES = YES;
				CLANG_ENABLE_OBJC_ARC = YES;
				CLANG_ENABLE_OBJC_WEAK = YES;
				CLANG_WARN_BLOCK_CAPTURE_AUTORELEASING = YES;
				CLANG_WARN_BOOL_CONVERSION = YES;
				CLANG_WARN_COMMA = YES;
				CLANG_WARN_CONSTANT_CONVERSION = YES;
				CLANG_WARN_DEPRECATED_OBJC_IMPLEMENTATIONS = YES;
				CLANG_WARN_DIRECT_OBJC_ISA_USAGE = YES_ERROR;
				CLANG_WARN_DOCUMENTATION_COMMENTS = YES;
				CLANG_WARN_EMPTY_BODY = YES;
				CLANG_WARN_ENUM_CONVERSION = YES;
				CLANG_WARN_INFINITE_RECURSION = YES;
				CLANG_WARN_INT_CONVERSION = YES;
				CLANG_WARN_NON_LITERAL_NULL_CONVERSION = YES;
				CLANG_WARN_OBJC_IMPLICIT_RETAIN_SELF = YES;
				CLANG_WARN_OBJC_LITERAL_CONVERSION = YES;
				CLANG_WARN_OBJC_ROOT_CLASS = YES_ERROR;
				CLANG_WARN_RANGE_LOOP_ANALYSIS = YES;
				CLANG_WARN_STRICT_PROTOTYPES = YES;
				CLANG_WARN_SUSPICIOUS_MOVE = YES;
				CLANG_WARN_UNGUARDED_AVAILABILITY = YES_AGGRESSIVE;
				CLANG_WARN_UNREACHABLE_CODE = YES;
				CLANG_WARN__DUPLICATE_METHOD_MATCH = YES;
				CODE_SIGN_IDENTITY = "iPhone Developer";
				COPY_PHASE_STRIP = NO;
				DEBUG_INFORMATION_FORMAT = dwarf;
				ENABLE_STRICT_OBJC_MSGSEND = YES;
				ENABLE_TESTABILITY = YES;
				GCC_C_LANGUAGE_STANDARD = gnu11;
				GCC_DYNAMIC_NO_PIC = NO;
				GCC_NO_COMMON_BLOCKS = YES;
				GCC_OPTIMIZATION_LEVEL = 0;
				GCC_PREPROCESSOR_DEFINITIONS = (
					"DEBUG=1",
					"$(inherited)",
				);
				GCC_WARN_64_TO_32_BIT_CONVERSION = YES;
				GCC_WARN_ABOUT_RETURN_TYPE = YES_ERROR;
				GCC_WARN_UNDECLARED_SELECTOR = YES;
				GCC_WARN_UNINITIALIZED_AUTOS = YES_AGGRESSIVE;
				GCC_WARN_UNUSED_FUNCTION = YES;
				GCC_WARN_UNUSED_VARIABLE = YES;
				IPHONEOS_DEPLOYMENT_TARGET = 11.4;
				MTL_ENABLE_DEBUG_INFO = YES;
				ONLY_ACTIVE_ARCH = YES;
				SDKROOT = iphoneos;
				SWIFT_ACTIVE_COMPILATION_CONDITIONS = DEBUG;
				SWIFT_OPTIMIZATION_LEVEL = "-Onone";
			};
			name = Debug;
		};
		3FBF73B1214061F400E39FB4 /* Release */ = {
			isa = XCBuildConfiguration;
			buildSettings = {
				ALWAYS_SEARCH_USER_PATHS = NO;
				CLANG_ANALYZER_NONNULL = YES;
				CLANG_ANALYZER_NUMBER_OBJECT_CONVERSION = YES_AGGRESSIVE;
				CLANG_CXX_LANGUAGE_STANDARD = "gnu++14";
				CLANG_CXX_LIBRARY = "libc++";
				CLANG_ENABLE_MODULES = YES;
				CLANG_ENABLE_OBJC_ARC = YES;
				CLANG_ENABLE_OBJC_WEAK = YES;
				CLANG_WARN_BLOCK_CAPTURE_AUTORELEASING = YES;
				CLANG_WARN_BOOL_CONVERSION = YES;
				CLANG_WARN_COMMA = YES;
				CLANG_WARN_CONSTANT_CONVERSION = YES;
				CLANG_WARN_DEPRECATED_OBJC_IMPLEMENTATIONS = YES;
				CLANG_WARN_DIRECT_OBJC_ISA_USAGE = YES_ERROR;
				CLANG_WARN_DOCUMENTATION_COMMENTS = YES;
				CLANG_WARN_EMPTY_BODY = YES;
				CLANG_WARN_ENUM_CONVERSION = YES;
				CLANG_WARN_INFINITE_RECURSION = YES;
				CLANG_WARN_INT_CONVERSION = YES;
				CLANG_WARN_NON_LITERAL_NULL_CONVERSION = YES;
				CLANG_WARN_OBJC_IMPLICIT_RETAIN_SELF = YES;
				CLANG_WARN_OBJC_LITERAL_CONVERSION = YES;
				CLANG_WARN_OBJC_ROOT_CLASS = YES_ERROR;
				CLANG_WARN_RANGE_LOOP_ANALYSIS = YES;
				CLANG_WARN_STRICT_PROTOTYPES = YES;
				CLANG_WARN_SUSPICIOUS_MOVE = YES;
				CLANG_WARN_UNGUARDED_AVAILABILITY = YES_AGGRESSIVE;
				CLANG_WARN_UNREACHABLE_CODE = YES;
				CLANG_WARN__DUPLICATE_METHOD_MATCH = YES;
				CODE_SIGN_IDENTITY = "iPhone Developer";
				COPY_PHASE_STRIP = NO;
				DEBUG_INFORMATION_FORMAT = "dwarf-with-dsym";
				ENABLE_NS_ASSERTIONS = NO;
				ENABLE_STRICT_OBJC_MSGSEND = YES;
				GCC_C_LANGUAGE_STANDARD = gnu11;
				GCC_NO_COMMON_BLOCKS = YES;
				GCC_WARN_64_TO_32_BIT_CONVERSION = YES;
				GCC_WARN_ABOUT_RETURN_TYPE = YES_ERROR;
				GCC_WARN_UNDECLARED_SELECTOR = YES;
				GCC_WARN_UNINITIALIZED_AUTOS = YES_AGGRESSIVE;
				GCC_WARN_UNUSED_FUNCTION = YES;
				GCC_WARN_UNUSED_VARIABLE = YES;
				IPHONEOS_DEPLOYMENT_TARGET = 11.4;
				MTL_ENABLE_DEBUG_INFO = NO;
				SDKROOT = iphoneos;
				SWIFT_COMPILATION_MODE = wholemodule;
				SWIFT_OPTIMIZATION_LEVEL = "-O";
				VALIDATE_PRODUCT = YES;
			};
			name = Release;
		};
		3FBF73B3214061F400E39FB4 /* Debug */ = {
			isa = XCBuildConfiguration;
			buildSettings = {
				ASSETCATALOG_COMPILER_APPICON_NAME = AppIcon;
				CODE_SIGN_STYLE = Manual;
				DEVELOPMENT_TEAM = "";
				INFOPLIST_FILE = Week3/Info.plist;
				LD_RUNPATH_SEARCH_PATHS = (
					"$(inherited)",
					"@executable_path/Frameworks",
				);
				PRODUCT_BUNDLE_IDENTIFIER = com.yiuj.Week3;
				PRODUCT_NAME = "$(TARGET_NAME)";
				PROVISIONING_PROFILE_SPECIFIER = "";
				SWIFT_VERSION = 4.0;
				TARGETED_DEVICE_FAMILY = "1,2";
			};
			name = Debug;
		};
		3FBF73B4214061F400E39FB4 /* Release */ = {
			isa = XCBuildConfiguration;
			buildSettings = {
				ASSETCATALOG_COMPILER_APPICON_NAME = AppIcon;
				CODE_SIGN_STYLE = Manual;
				DEVELOPMENT_TEAM = "";
				INFOPLIST_FILE = Week3/Info.plist;
				LD_RUNPATH_SEARCH_PATHS = (
					"$(inherited)",
					"@executable_path/Frameworks",
				);
				PRODUCT_BUNDLE_IDENTIFIER = com.yiuj.Week3;
				PRODUCT_NAME = "$(TARGET_NAME)";
				PROVISIONING_PROFILE_SPECIFIER = "";
				SWIFT_VERSION = 4.0;
				TARGETED_DEVICE_FAMILY = "1,2";
			};
			name = Release;
		};
		3FBF73B6214061F400E39FB4 /* Debug */ = {
			isa = XCBuildConfiguration;
			buildSettings = {
				ALWAYS_EMBED_SWIFT_STANDARD_LIBRARIES = YES;
				BUNDLE_LOADER = "$(TEST_HOST)";
				CODE_SIGN_STYLE = Automatic;
				DEVELOPMENT_TEAM = J7J829K5CQ;
				INFOPLIST_FILE = Week3Tests/Info.plist;
				LD_RUNPATH_SEARCH_PATHS = (
					"$(inherited)",
					"@executable_path/Frameworks",
					"@loader_path/Frameworks",
				);
				PRODUCT_BUNDLE_IDENTIFIER = com.yiuj.Week3Tests;
				PRODUCT_NAME = "$(TARGET_NAME)";
				SWIFT_VERSION = 4.0;
				TARGETED_DEVICE_FAMILY = "1,2";
				TEST_HOST = "$(BUILT_PRODUCTS_DIR)/Week3.app/Week3";
			};
			name = Debug;
		};
		3FBF73B7214061F400E39FB4 /* Release */ = {
			isa = XCBuildConfiguration;
			buildSettings = {
				ALWAYS_EMBED_SWIFT_STANDARD_LIBRARIES = YES;
				BUNDLE_LOADER = "$(TEST_HOST)";
				CODE_SIGN_STYLE = Automatic;
				DEVELOPMENT_TEAM = J7J829K5CQ;
				INFOPLIST_FILE = Week3Tests/Info.plist;
				LD_RUNPATH_SEARCH_PATHS = (
					"$(inherited)",
					"@executable_path/Frameworks",
					"@loader_path/Frameworks",
				);
				PRODUCT_BUNDLE_IDENTIFIER = com.yiuj.Week3Tests;
				PRODUCT_NAME = "$(TARGET_NAME)";
				SWIFT_VERSION = 4.0;
				TARGETED_DEVICE_FAMILY = "1,2";
				TEST_HOST = "$(BUILT_PRODUCTS_DIR)/Week3.app/Week3";
			};
			name = Release;
		};
		3FBF73B9214061F400E39FB4 /* Debug */ = {
			isa = XCBuildConfiguration;
			buildSettings = {
				ALWAYS_EMBED_SWIFT_STANDARD_LIBRARIES = YES;
				CODE_SIGN_STYLE = Automatic;
				DEVELOPMENT_TEAM = J7J829K5CQ;
				INFOPLIST_FILE = Week3UITests/Info.plist;
				LD_RUNPATH_SEARCH_PATHS = (
					"$(inherited)",
					"@executable_path/Frameworks",
					"@loader_path/Frameworks",
				);
				PRODUCT_BUNDLE_IDENTIFIER = com.yiuj.Week3UITests;
				PRODUCT_NAME = "$(TARGET_NAME)";
				SWIFT_VERSION = 4.0;
				TARGETED_DEVICE_FAMILY = "1,2";
				TEST_TARGET_NAME = Week3;
			};
			name = Debug;
		};
		3FBF73BA214061F400E39FB4 /* Release */ = {
			isa = XCBuildConfiguration;
			buildSettings = {
				ALWAYS_EMBED_SWIFT_STANDARD_LIBRARIES = YES;
				CODE_SIGN_STYLE = Automatic;
				DEVELOPMENT_TEAM = J7J829K5CQ;
				INFOPLIST_FILE = Week3UITests/Info.plist;
				LD_RUNPATH_SEARCH_PATHS = (
					"$(inherited)",
					"@executable_path/Frameworks",
					"@loader_path/Frameworks",
				);
				PRODUCT_BUNDLE_IDENTIFIER = com.yiuj.Week3UITests;
				PRODUCT_NAME = "$(TARGET_NAME)";
				SWIFT_VERSION = 4.0;
				TARGETED_DEVICE_FAMILY = "1,2";
				TEST_TARGET_NAME = Week3;
			};
			name = Release;
		};
/* End XCBuildConfiguration section */

/* Begin XCConfigurationList section */
		3FBF7385214061F300E39FB4 /* Build configuration list for PBXProject "Week3" */ = {
			isa = XCConfigurationList;
			buildConfigurations = (
				3FBF73B0214061F400E39FB4 /* Debug */,
				3FBF73B1214061F400E39FB4 /* Release */,
			);
			defaultConfigurationIsVisible = 0;
			defaultConfigurationName = Release;
		};
		3FBF73B2214061F400E39FB4 /* Build configuration list for PBXNativeTarget "Week3" */ = {
			isa = XCConfigurationList;
			buildConfigurations = (
				3FBF73B3214061F400E39FB4 /* Debug */,
				3FBF73B4214061F400E39FB4 /* Release */,
			);
			defaultConfigurationIsVisible = 0;
			defaultConfigurationName = Release;
		};
		3FBF73B5214061F400E39FB4 /* Build configuration list for PBXNativeTarget "Week3Tests" */ = {
			isa = XCConfigurationList;
			buildConfigurations = (
				3FBF73B6214061F400E39FB4 /* Debug */,
				3FBF73B7214061F400E39FB4 /* Release */,
			);
			defaultConfigurationIsVisible = 0;
			defaultConfigurationName = Release;
		};
		3FBF73B8214061F400E39FB4 /* Build configuration list for PBXNativeTarget "Week3UITests" */ = {
			isa = XCConfigurationList;
			buildConfigurations = (
				3FBF73B9214061F400E39FB4 /* Debug */,
				3FBF73BA214061F400E39FB4 /* Release */,
			);
			defaultConfigurationIsVisible = 0;
			defaultConfigurationName = Release;
		};
/* End XCConfigurationList section */
	};
	rootObject = 3FBF7382214061F300E39FB4 /* Project object */;
}
